// !$*UTF8*$!
{
	archiveVersion = 1;
	classes = {
	};
	objectVersion = 50;
	objects = {

/* Begin PBXBuildFile section */
		089979979E84041C54E8D838 /* Pods_APP_Core.framework in Frameworks */ = {isa = PBXBuildFile; fileRef = 3BC74B8F299F20CFC9788A56 /* Pods_APP_Core.framework */; };
		51157C972237011300FD0718 /* DetailNavigatorProtocol.swift in Sources */ = {isa = PBXBuildFile; fileRef = 51157C962237011300FD0718 /* DetailNavigatorProtocol.swift */; };
		51157C9B2237039D00FD0718 /* PhoneDetailNavigator.swift in Sources */ = {isa = PBXBuildFile; fileRef = 51157C9A2237039D00FD0718 /* PhoneDetailNavigator.swift */; };
		511949722232E40900DC4C74 /* DetailViewProtocol.swift in Sources */ = {isa = PBXBuildFile; fileRef = 511949712232E40900DC4C74 /* DetailViewProtocol.swift */; };
		511949742232E49B00DC4C74 /* Credits.swift in Sources */ = {isa = PBXBuildFile; fileRef = 511949732232E49B00DC4C74 /* Credits.swift */; };
		511949772232E4E600DC4C74 /* MovieDetail.swift in Sources */ = {isa = PBXBuildFile; fileRef = 511949762232E4E600DC4C74 /* MovieDetail.swift */; };
		511949792232E52400DC4C74 /* DetailHeader.swift in Sources */ = {isa = PBXBuildFile; fileRef = 511949782232E52400DC4C74 /* DetailHeader.swift */; };
		5119497D2232E5EE00DC4C74 /* DetailSection.swift in Sources */ = {isa = PBXBuildFile; fileRef = 5119497C2232E5EE00DC4C74 /* DetailSection.swift */; };
		5119497F2232E66700DC4C74 /* DetailHeader+MovieDetail.swift in Sources */ = {isa = PBXBuildFile; fileRef = 5119497E2232E66600DC4C74 /* DetailHeader+MovieDetail.swift */; };
		511949812232E78400DC4C74 /* DetailPresenterProtocol.swift in Sources */ = {isa = PBXBuildFile; fileRef = 511949802232E78400DC4C74 /* DetailPresenterProtocol.swift */; };
		511949852232E9DE00DC4C74 /* DetailHeaderPresenter.swift in Sources */ = {isa = PBXBuildFile; fileRef = 511949842232E9DE00DC4C74 /* DetailHeaderPresenter.swift */; };
		5128FDB0222BBDB1003EE401 /* DetailViewController.swift in Sources */ = {isa = PBXBuildFile; fileRef = 5128FDAE222BBDB1003EE401 /* DetailViewController.swift */; };
		5128FDB1222BBDB1003EE401 /* DetailViewController.xib in Resources */ = {isa = PBXBuildFile; fileRef = 5128FDAF222BBDB1003EE401 /* DetailViewController.xib */; };
		5128FDB8222BBE05003EE401 /* MovieRepository.swift in Sources */ = {isa = PBXBuildFile; fileRef = 5128FDB7222BBE05003EE401 /* MovieRepository.swift */; };
		5128FDBB222BC1BA003EE401 /* DetailHeaderView.swift in Sources */ = {isa = PBXBuildFile; fileRef = 5128FDBA222BC1BA003EE401 /* DetailHeaderView.swift */; };
		5128FDBD222BC1CC003EE401 /* DetailHeaderView.xib in Resources */ = {isa = PBXBuildFile; fileRef = 5128FDBC222BC1CC003EE401 /* DetailHeaderView.xib */; };
		5128FDBF222BEA96003EE401 /* DetailAboutView.swift in Sources */ = {isa = PBXBuildFile; fileRef = 5128FDBE222BEA96003EE401 /* DetailAboutView.swift */; };
		5128FDC1222BEA9F003EE401 /* DetailAbout.xib in Resources */ = {isa = PBXBuildFile; fileRef = 5128FDC0222BEA9F003EE401 /* DetailAbout.xib */; };
		5128FDC4222BECAF003EE401 /* PosterStripCollectionCell.swift in Sources */ = {isa = PBXBuildFile; fileRef = 5128FDC2222BECAF003EE401 /* PosterStripCollectionCell.swift */; };
		5128FDC5222BECAF003EE401 /* PosterStripCollectionCell.xib in Resources */ = {isa = PBXBuildFile; fileRef = 5128FDC3222BECAF003EE401 /* PosterStripCollectionCell.xib */; };
		5142A03B222A845C003DE338 /* SearchResultsPresenter.swift in Sources */ = {isa = PBXBuildFile; fileRef = 5142A03A222A845C003DE338 /* SearchResultsPresenter.swift */; };
		5142A03E222A8618003DE338 /* SearchResultsViewController.swift in Sources */ = {isa = PBXBuildFile; fileRef = 5142A03D222A8618003DE338 /* SearchResultsViewController.swift */; };
		5142A043222AA284003DE338 /* CardView.swift in Sources */ = {isa = PBXBuildFile; fileRef = 5142A042222AA284003DE338 /* CardView.swift */; };
		5142A045222AA29F003DE338 /* CardView.xib in Resources */ = {isa = PBXBuildFile; fileRef = 5142A044222AA29F003DE338 /* CardView.xib */; };
		5142A047222AA54F003DE338 /* Assets.xcassets in Resources */ = {isa = PBXBuildFile; fileRef = 5142A046222AA54F003DE338 /* Assets.xcassets */; };
		5142A04B222AB39E003DE338 /* CardPresenter.swift in Sources */ = {isa = PBXBuildFile; fileRef = 5142A04A222AB39E003DE338 /* CardPresenter.swift */; };
		5142A04D222AB63D003DE338 /* Genre.swift in Sources */ = {isa = PBXBuildFile; fileRef = 5142A04C222AB63D003DE338 /* Genre.swift */; };
		5142A04F222AB844003DE338 /* FeaturedRepository.swift in Sources */ = {isa = PBXBuildFile; fileRef = 5142A04E222AB844003DE338 /* FeaturedRepository.swift */; };
		5142A051222AB929003DE338 /* Page.swift in Sources */ = {isa = PBXBuildFile; fileRef = 5142A050222AB929003DE338 /* Page.swift */; };
		5142A055222ABD4C003DE338 /* FeaturedPresenter.swift in Sources */ = {isa = PBXBuildFile; fileRef = 5142A054222ABD4C003DE338 /* FeaturedPresenter.swift */; };
		5142A058222ABEF7003DE338 /* FeaturedViewController.swift in Sources */ = {isa = PBXBuildFile; fileRef = 5142A056222ABEF7003DE338 /* FeaturedViewController.swift */; };
		5142A059222ABEF7003DE338 /* FeaturedViewController.xib in Resources */ = {isa = PBXBuildFile; fileRef = 5142A057222ABEF7003DE338 /* FeaturedViewController.xib */; };
		514AB8D0224184FB0020CA22 /* SearchResultsRepository.swift in Sources */ = {isa = PBXBuildFile; fileRef = 514AB8CF224184FB0020CA22 /* SearchResultsRepository.swift */; };
		5151139F2238557F009BCDB8 /* SearchNavigatorProtocol.swift in Sources */ = {isa = PBXBuildFile; fileRef = 5151139E2238557F009BCDB8 /* SearchNavigatorProtocol.swift */; };
		515113A1223855CC009BCDB8 /* PhoneSearchNavigator.swift in Sources */ = {isa = PBXBuildFile; fileRef = 515113A0223855CC009BCDB8 /* PhoneSearchNavigator.swift */; };
		515C4F4B222975EE0047F460 /* WebService.swift in Sources */ = {isa = PBXBuildFile; fileRef = 515C4F4A222975EE0047F460 /* WebService.swift */; };
		515C4F4E2229769F0047F460 /* Constants.swift in Sources */ = {isa = PBXBuildFile; fileRef = 515C4F4D2229769F0047F460 /* Constants.swift */; };
		515C4F50222979F70047F460 /* Endpoint.swift in Sources */ = {isa = PBXBuildFile; fileRef = 515C4F4F222979F70047F460 /* Endpoint.swift */; };
		515C4F5222297D8F0047F460 /* WebServiceAssembly.swift in Sources */ = {isa = PBXBuildFile; fileRef = 515C4F5122297D8F0047F460 /* WebServiceAssembly.swift */; };
		515C4F572229812F0047F460 /* ImageConfiguration.swift in Sources */ = {isa = PBXBuildFile; fileRef = 515C4F562229812F0047F460 /* ImageConfiguration.swift */; };
		515C4F59222981520047F460 /* ImageSize.swift in Sources */ = {isa = PBXBuildFile; fileRef = 515C4F58222981520047F460 /* ImageSize.swift */; };
		515C4F5C2229A6BD0047F460 /* AppAssembly.swift in Sources */ = {isa = PBXBuildFile; fileRef = 515C4F5B2229A6BD0047F460 /* AppAssembly.swift */; };
		515C4F5F2229A8A00047F460 /* CoreAssembly.swift in Sources */ = {isa = PBXBuildFile; fileRef = 515C4F5E2229A8A00047F460 /* CoreAssembly.swift */; };
		515C4F612229AAAC0047F460 /* ImageManager.swift in Sources */ = {isa = PBXBuildFile; fileRef = 515C4F602229AAAC0047F460 /* ImageManager.swift */; };
		515C4F632229ACB60047F460 /* ImageRepository.swift in Sources */ = {isa = PBXBuildFile; fileRef = 515C4F622229ACB60047F460 /* ImageRepository.swift */; };
		515C4F662229BC930047F460 /* ImageLoadingAssembly.swift in Sources */ = {isa = PBXBuildFile; fileRef = 515C4F652229BC930047F460 /* ImageLoadingAssembly.swift */; };
		515C4F682229CE280047F460 /* Show.swift in Sources */ = {isa = PBXBuildFile; fileRef = 515C4F672229CE280047F460 /* Show.swift */; };
		515C4F6B2229CE4D0047F460 /* Person.swift in Sources */ = {isa = PBXBuildFile; fileRef = 515C4F6A2229CE4D0047F460 /* Person.swift */; };
		515C4F6D2229CE6B0047F460 /* Media.swift in Sources */ = {isa = PBXBuildFile; fileRef = 515C4F6C2229CE6B0047F460 /* Media.swift */; };
		515C4F6F2229CE8E0047F460 /* Movie.swift in Sources */ = {isa = PBXBuildFile; fileRef = 515C4F6E2229CE8E0047F460 /* Movie.swift */; };
		515C4F712229CF830047F460 /* MediaType.swift in Sources */ = {isa = PBXBuildFile; fileRef = 515C4F702229CF830047F460 /* MediaType.swift */; };
		515C4F732229D09E0047F460 /* Date+Utilities.swift in Sources */ = {isa = PBXBuildFile; fileRef = 515C4F722229D09E0047F460 /* Date+Utilities.swift */; };
		515C4F752229D0BA0047F460 /* NibLoadableView.swift in Sources */ = {isa = PBXBuildFile; fileRef = 515C4F742229D0BA0047F460 /* NibLoadableView.swift */; };
		515C4F772229D0E50047F460 /* ReusableView.swift in Sources */ = {isa = PBXBuildFile; fileRef = 515C4F762229D0E50047F460 /* ReusableView.swift */; };
		515C4F792229D1070047F460 /* UITableView+ReusableView.swift in Sources */ = {isa = PBXBuildFile; fileRef = 515C4F782229D1070047F460 /* UITableView+ReusableView.swift */; };
		515C4F7B2229D1B20047F460 /* UICollectionView+Reusable.swift in Sources */ = {isa = PBXBuildFile; fileRef = 515C4F7A2229D1B20047F460 /* UICollectionView+Reusable.swift */; };
		515C4F7D2229D2EF0047F460 /* SearchAssembly.swift in Sources */ = {isa = PBXBuildFile; fileRef = 515C4F7C2229D2EF0047F460 /* SearchAssembly.swift */; };
		515C4F84222A60980047F460 /* SearchResultPresenter.swift in Sources */ = {isa = PBXBuildFile; fileRef = 515C4F83222A60980047F460 /* SearchResultPresenter.swift */; };
		515C4F86222A61DB0047F460 /* SearchResult.swift in Sources */ = {isa = PBXBuildFile; fileRef = 515C4F85222A61DB0047F460 /* SearchResult.swift */; };
		515C4F8A222A64220047F460 /* SearchResultCell.swift in Sources */ = {isa = PBXBuildFile; fileRef = 515C4F88222A64220047F460 /* SearchResultCell.swift */; };
		515C4F8B222A64220047F460 /* SearchResultCell.xib in Resources */ = {isa = PBXBuildFile; fileRef = 515C4F89222A64220047F460 /* SearchResultCell.xib */; };
		5187E3D9222DB68200F8E7A9 /* DetailAssembly.swift in Sources */ = {isa = PBXBuildFile; fileRef = 5187E3D8222DB68200F8E7A9 /* DetailAssembly.swift */; };
		5187E3DC222DB8D100F8E7A9 /* PosterStripView.swift in Sources */ = {isa = PBXBuildFile; fileRef = 5187E3DB222DB8D100F8E7A9 /* PosterStripView.swift */; };
		5187E3DE222DB8DA00F8E7A9 /* PosterStripView.xib in Resources */ = {isa = PBXBuildFile; fileRef = 5187E3DD222DB8DA00F8E7A9 /* PosterStripView.xib */; };
		5187E3E0222DBA5A00F8E7A9 /* PosterStripItem.swift in Sources */ = {isa = PBXBuildFile; fileRef = 5187E3DF222DBA5A00F8E7A9 /* PosterStripItem.swift */; };
		5187E3E2222DBA8400F8E7A9 /* PosterStripPresenter.swift in Sources */ = {isa = PBXBuildFile; fileRef = 5187E3E1222DBA8400F8E7A9 /* PosterStripPresenter.swift */; };
		5187E3E4222DBD2200F8E7A9 /* PosterStripLayout.swift in Sources */ = {isa = PBXBuildFile; fileRef = 5187E3E3222DBD2200F8E7A9 /* PosterStripLayout.swift */; };
		519A425B22287C3C00DCCBB8 /* AppDelegate.swift in Sources */ = {isa = PBXBuildFile; fileRef = 519A425A22287C3C00DCCBB8 /* AppDelegate.swift */; };
		519A426222287C3D00DCCBB8 /* Assets.xcassets in Resources */ = {isa = PBXBuildFile; fileRef = 519A426122287C3D00DCCBB8 /* Assets.xcassets */; };
		519A426522287C3D00DCCBB8 /* LaunchScreen.storyboard in Resources */ = {isa = PBXBuildFile; fileRef = 519A426322287C3D00DCCBB8 /* LaunchScreen.storyboard */; };
		519A427522287E0C00DCCBB8 /* APP_Core.h in Headers */ = {isa = PBXBuildFile; fileRef = 519A427322287E0C00DCCBB8 /* APP_Core.h */; settings = {ATTRIBUTES = (Public, ); }; };
		519A427822287E0C00DCCBB8 /* APP_Core.framework in Frameworks */ = {isa = PBXBuildFile; fileRef = 519A427122287E0C00DCCBB8 /* APP_Core.framework */; };
		519A427922287E0C00DCCBB8 /* APP_Core.framework in Embed Frameworks */ = {isa = PBXBuildFile; fileRef = 519A427122287E0C00DCCBB8 /* APP_Core.framework */; settings = {ATTRIBUTES = (CodeSignOnCopy, RemoveHeadersOnCopy, ); }; };
		519A42802228808D00DCCBB8 /* WebServiceConfiguration.swift in Sources */ = {isa = PBXBuildFile; fileRef = 519A427F2228808D00DCCBB8 /* WebServiceConfiguration.swift */; };
		51F59E71222AF5E40029DA4F /* FeaturedAssembly.swift in Sources */ = {isa = PBXBuildFile; fileRef = 51F59E70222AF5E40029DA4F /* FeaturedAssembly.swift */; };
		51F59E74222AFE660029DA4F /* genres.json in Resources */ = {isa = PBXBuildFile; fileRef = 51F59E73222AFE660029DA4F /* genres.json */; };
		97188FC8721E091BDD6B9C79 /* Pods_TMDb.framework in Frameworks */ = {isa = PBXBuildFile; fileRef = 6617DDC61704BD5D5313D5F3 /* Pods_TMDb.framework */; };
/* End PBXBuildFile section */

/* Begin PBXContainerItemProxy section */
		519A427622287E0C00DCCBB8 /* PBXContainerItemProxy */ = {
			isa = PBXContainerItemProxy;
			containerPortal = 519A424F22287C3C00DCCBB8 /* Project object */;
			proxyType = 1;
			remoteGlobalIDString = 519A427022287E0C00DCCBB8;
			remoteInfo = "APP Core";
		};
/* End PBXContainerItemProxy section */

/* Begin PBXCopyFilesBuildPhase section */
		519A427D22287E0C00DCCBB8 /* Embed Frameworks */ = {
			isa = PBXCopyFilesBuildPhase;
			buildActionMask = 2147483647;
			dstPath = "";
			dstSubfolderSpec = 10;
			files = (
				519A427922287E0C00DCCBB8 /* APP_Core.framework in Embed Frameworks */,
			);
			name = "Embed Frameworks";
			runOnlyForDeploymentPostprocessing = 0;
		};
/* End PBXCopyFilesBuildPhase section */

/* Begin PBXFileReference section */
		3BC74B8F299F20CFC9788A56 /* Pods_APP_Core.framework */ = {isa = PBXFileReference; explicitFileType = wrapper.framework; includeInIndex = 0; path = Pods_APP_Core.framework; sourceTree = BUILT_PRODUCTS_DIR; };
		3D11DB356FC43A6E59CF3E43 /* Pods-TMDb.release.xcconfig */ = {isa = PBXFileReference; includeInIndex = 1; lastKnownFileType = text.xcconfig; name = "Pods-TMDb.release.xcconfig"; path = "Target Support Files/Pods-TMDb/Pods-TMDb.release.xcconfig"; sourceTree = "<group>"; };
		51157C962237011300FD0718 /* DetailNavigatorProtocol.swift */ = {isa = PBXFileReference; lastKnownFileType = sourcecode.swift; path = DetailNavigatorProtocol.swift; sourceTree = "<group>"; };
		51157C9A2237039D00FD0718 /* PhoneDetailNavigator.swift */ = {isa = PBXFileReference; lastKnownFileType = sourcecode.swift; path = PhoneDetailNavigator.swift; sourceTree = "<group>"; };
		511949712232E40900DC4C74 /* DetailViewProtocol.swift */ = {isa = PBXFileReference; lastKnownFileType = sourcecode.swift; path = DetailViewProtocol.swift; sourceTree = "<group>"; };
		511949732232E49B00DC4C74 /* Credits.swift */ = {isa = PBXFileReference; lastKnownFileType = sourcecode.swift; path = Credits.swift; sourceTree = "<group>"; };
		511949762232E4E600DC4C74 /* MovieDetail.swift */ = {isa = PBXFileReference; lastKnownFileType = sourcecode.swift; path = MovieDetail.swift; sourceTree = "<group>"; };
		511949782232E52400DC4C74 /* DetailHeader.swift */ = {isa = PBXFileReference; lastKnownFileType = sourcecode.swift; path = DetailHeader.swift; sourceTree = "<group>"; };
		5119497C2232E5EE00DC4C74 /* DetailSection.swift */ = {isa = PBXFileReference; lastKnownFileType = sourcecode.swift; path = DetailSection.swift; sourceTree = "<group>"; };
		5119497E2232E66600DC4C74 /* DetailHeader+MovieDetail.swift */ = {isa = PBXFileReference; lastKnownFileType = sourcecode.swift; path = "DetailHeader+MovieDetail.swift"; sourceTree = "<group>"; };
		511949802232E78400DC4C74 /* DetailPresenterProtocol.swift */ = {isa = PBXFileReference; lastKnownFileType = sourcecode.swift; path = DetailPresenterProtocol.swift; sourceTree = "<group>"; };
		511949842232E9DE00DC4C74 /* DetailHeaderPresenter.swift */ = {isa = PBXFileReference; lastKnownFileType = sourcecode.swift; path = DetailHeaderPresenter.swift; sourceTree = "<group>"; };
		5128FDAE222BBDB1003EE401 /* DetailViewController.swift */ = {isa = PBXFileReference; lastKnownFileType = sourcecode.swift; path = DetailViewController.swift; sourceTree = "<group>"; };
		5128FDAF222BBDB1003EE401 /* DetailViewController.xib */ = {isa = PBXFileReference; lastKnownFileType = file.xib; path = DetailViewController.xib; sourceTree = "<group>"; };
		5128FDB7222BBE05003EE401 /* MovieRepository.swift */ = {isa = PBXFileReference; lastKnownFileType = sourcecode.swift; path = MovieRepository.swift; sourceTree = "<group>"; };
		5128FDBA222BC1BA003EE401 /* DetailHeaderView.swift */ = {isa = PBXFileReference; lastKnownFileType = sourcecode.swift; path = DetailHeaderView.swift; sourceTree = "<group>"; };
		5128FDBC222BC1CC003EE401 /* DetailHeaderView.xib */ = {isa = PBXFileReference; lastKnownFileType = file.xib; path = DetailHeaderView.xib; sourceTree = "<group>"; };
		5128FDBE222BEA96003EE401 /* DetailAboutView.swift */ = {isa = PBXFileReference; lastKnownFileType = sourcecode.swift; path = DetailAboutView.swift; sourceTree = "<group>"; };
		5128FDC0222BEA9F003EE401 /* DetailAbout.xib */ = {isa = PBXFileReference; lastKnownFileType = file.xib; path = DetailAbout.xib; sourceTree = "<group>"; };
		5128FDC2222BECAF003EE401 /* PosterStripCollectionCell.swift */ = {isa = PBXFileReference; lastKnownFileType = sourcecode.swift; path = PosterStripCollectionCell.swift; sourceTree = "<group>"; };
		5128FDC3222BECAF003EE401 /* PosterStripCollectionCell.xib */ = {isa = PBXFileReference; lastKnownFileType = file.xib; path = PosterStripCollectionCell.xib; sourceTree = "<group>"; };
		5142A03A222A845C003DE338 /* SearchResultsPresenter.swift */ = {isa = PBXFileReference; lastKnownFileType = sourcecode.swift; path = SearchResultsPresenter.swift; sourceTree = "<group>"; };
		5142A03D222A8618003DE338 /* SearchResultsViewController.swift */ = {isa = PBXFileReference; lastKnownFileType = sourcecode.swift; path = SearchResultsViewController.swift; sourceTree = "<group>"; };
		5142A042222AA284003DE338 /* CardView.swift */ = {isa = PBXFileReference; lastKnownFileType = sourcecode.swift; path = CardView.swift; sourceTree = "<group>"; };
		5142A044222AA29F003DE338 /* CardView.xib */ = {isa = PBXFileReference; lastKnownFileType = file.xib; path = CardView.xib; sourceTree = "<group>"; };
		5142A046222AA54F003DE338 /* Assets.xcassets */ = {isa = PBXFileReference; lastKnownFileType = folder.assetcatalog; path = Assets.xcassets; sourceTree = "<group>"; };
		5142A04A222AB39E003DE338 /* CardPresenter.swift */ = {isa = PBXFileReference; lastKnownFileType = sourcecode.swift; path = CardPresenter.swift; sourceTree = "<group>"; };
		5142A04C222AB63D003DE338 /* Genre.swift */ = {isa = PBXFileReference; lastKnownFileType = sourcecode.swift; path = Genre.swift; sourceTree = "<group>"; };
		5142A04E222AB844003DE338 /* FeaturedRepository.swift */ = {isa = PBXFileReference; lastKnownFileType = sourcecode.swift; path = FeaturedRepository.swift; sourceTree = "<group>"; };
		5142A050222AB929003DE338 /* Page.swift */ = {isa = PBXFileReference; lastKnownFileType = sourcecode.swift; path = Page.swift; sourceTree = "<group>"; };
		5142A054222ABD4C003DE338 /* FeaturedPresenter.swift */ = {isa = PBXFileReference; lastKnownFileType = sourcecode.swift; path = FeaturedPresenter.swift; sourceTree = "<group>"; };
		5142A056222ABEF7003DE338 /* FeaturedViewController.swift */ = {isa = PBXFileReference; lastKnownFileType = sourcecode.swift; path = FeaturedViewController.swift; sourceTree = "<group>"; };
		5142A057222ABEF7003DE338 /* FeaturedViewController.xib */ = {isa = PBXFileReference; lastKnownFileType = file.xib; path = FeaturedViewController.xib; sourceTree = "<group>"; };
		514AB8CF224184FB0020CA22 /* SearchResultsRepository.swift */ = {isa = PBXFileReference; lastKnownFileType = sourcecode.swift; path = SearchResultsRepository.swift; sourceTree = "<group>"; };
		5151139E2238557F009BCDB8 /* SearchNavigatorProtocol.swift */ = {isa = PBXFileReference; lastKnownFileType = sourcecode.swift; path = SearchNavigatorProtocol.swift; sourceTree = "<group>"; };
		515113A0223855CC009BCDB8 /* PhoneSearchNavigator.swift */ = {isa = PBXFileReference; lastKnownFileType = sourcecode.swift; path = PhoneSearchNavigator.swift; sourceTree = "<group>"; };
		515C4F4A222975EE0047F460 /* WebService.swift */ = {isa = PBXFileReference; lastKnownFileType = sourcecode.swift; path = WebService.swift; sourceTree = "<group>"; };
		515C4F4D2229769F0047F460 /* Constants.swift */ = {isa = PBXFileReference; lastKnownFileType = sourcecode.swift; path = Constants.swift; sourceTree = "<group>"; };
		515C4F4F222979F70047F460 /* Endpoint.swift */ = {isa = PBXFileReference; lastKnownFileType = sourcecode.swift; path = Endpoint.swift; sourceTree = "<group>"; };
		515C4F5122297D8F0047F460 /* WebServiceAssembly.swift */ = {isa = PBXFileReference; lastKnownFileType = sourcecode.swift; path = WebServiceAssembly.swift; sourceTree = "<group>"; };
		515C4F562229812F0047F460 /* ImageConfiguration.swift */ = {isa = PBXFileReference; lastKnownFileType = sourcecode.swift; path = ImageConfiguration.swift; sourceTree = "<group>"; };
		515C4F58222981520047F460 /* ImageSize.swift */ = {isa = PBXFileReference; lastKnownFileType = sourcecode.swift; path = ImageSize.swift; sourceTree = "<group>"; };
		515C4F5B2229A6BD0047F460 /* AppAssembly.swift */ = {isa = PBXFileReference; lastKnownFileType = sourcecode.swift; path = AppAssembly.swift; sourceTree = "<group>"; };
		515C4F5E2229A8A00047F460 /* CoreAssembly.swift */ = {isa = PBXFileReference; fileEncoding = 4; lastKnownFileType = sourcecode.swift; name = CoreAssembly.swift; path = "APP Core/CoreAssembly.swift"; sourceTree = SOURCE_ROOT; };
		515C4F602229AAAC0047F460 /* ImageManager.swift */ = {isa = PBXFileReference; lastKnownFileType = sourcecode.swift; path = ImageManager.swift; sourceTree = "<group>"; };
		515C4F622229ACB60047F460 /* ImageRepository.swift */ = {isa = PBXFileReference; lastKnownFileType = sourcecode.swift; path = ImageRepository.swift; sourceTree = "<group>"; };
		515C4F652229BC930047F460 /* ImageLoadingAssembly.swift */ = {isa = PBXFileReference; lastKnownFileType = sourcecode.swift; path = ImageLoadingAssembly.swift; sourceTree = "<group>"; };
		515C4F672229CE280047F460 /* Show.swift */ = {isa = PBXFileReference; lastKnownFileType = sourcecode.swift; path = Show.swift; sourceTree = "<group>"; };
		515C4F6A2229CE4D0047F460 /* Person.swift */ = {isa = PBXFileReference; lastKnownFileType = sourcecode.swift; path = Person.swift; sourceTree = "<group>"; };
		515C4F6C2229CE6B0047F460 /* Media.swift */ = {isa = PBXFileReference; lastKnownFileType = sourcecode.swift; path = Media.swift; sourceTree = "<group>"; };
		515C4F6E2229CE8E0047F460 /* Movie.swift */ = {isa = PBXFileReference; lastKnownFileType = sourcecode.swift; path = Movie.swift; sourceTree = "<group>"; };
		515C4F702229CF830047F460 /* MediaType.swift */ = {isa = PBXFileReference; lastKnownFileType = sourcecode.swift; path = MediaType.swift; sourceTree = "<group>"; };
		515C4F722229D09E0047F460 /* Date+Utilities.swift */ = {isa = PBXFileReference; lastKnownFileType = sourcecode.swift; path = "Date+Utilities.swift"; sourceTree = "<group>"; };
		515C4F742229D0BA0047F460 /* NibLoadableView.swift */ = {isa = PBXFileReference; lastKnownFileType = sourcecode.swift; path = NibLoadableView.swift; sourceTree = "<group>"; };
		515C4F762229D0E50047F460 /* ReusableView.swift */ = {isa = PBXFileReference; lastKnownFileType = sourcecode.swift; path = ReusableView.swift; sourceTree = "<group>"; };
		515C4F782229D1070047F460 /* UITableView+ReusableView.swift */ = {isa = PBXFileReference; lastKnownFileType = sourcecode.swift; path = "UITableView+ReusableView.swift"; sourceTree = "<group>"; };
		515C4F7A2229D1B20047F460 /* UICollectionView+Reusable.swift */ = {isa = PBXFileReference; lastKnownFileType = sourcecode.swift; path = "UICollectionView+Reusable.swift"; sourceTree = "<group>"; };
		515C4F7C2229D2EF0047F460 /* SearchAssembly.swift */ = {isa = PBXFileReference; lastKnownFileType = sourcecode.swift; path = SearchAssembly.swift; sourceTree = "<group>"; };
		515C4F83222A60980047F460 /* SearchResultPresenter.swift */ = {isa = PBXFileReference; lastKnownFileType = sourcecode.swift; path = SearchResultPresenter.swift; sourceTree = "<group>"; };
		515C4F85222A61DB0047F460 /* SearchResult.swift */ = {isa = PBXFileReference; lastKnownFileType = sourcecode.swift; path = SearchResult.swift; sourceTree = "<group>"; };
		515C4F88222A64220047F460 /* SearchResultCell.swift */ = {isa = PBXFileReference; lastKnownFileType = sourcecode.swift; path = SearchResultCell.swift; sourceTree = "<group>"; };
		515C4F89222A64220047F460 /* SearchResultCell.xib */ = {isa = PBXFileReference; lastKnownFileType = file.xib; path = SearchResultCell.xib; sourceTree = "<group>"; };
		5187E3D8222DB68200F8E7A9 /* DetailAssembly.swift */ = {isa = PBXFileReference; lastKnownFileType = sourcecode.swift; path = DetailAssembly.swift; sourceTree = "<group>"; };
		5187E3DB222DB8D100F8E7A9 /* PosterStripView.swift */ = {isa = PBXFileReference; lastKnownFileType = sourcecode.swift; path = PosterStripView.swift; sourceTree = "<group>"; };
		5187E3DD222DB8DA00F8E7A9 /* PosterStripView.xib */ = {isa = PBXFileReference; lastKnownFileType = file.xib; path = PosterStripView.xib; sourceTree = "<group>"; };
		5187E3DF222DBA5A00F8E7A9 /* PosterStripItem.swift */ = {isa = PBXFileReference; lastKnownFileType = sourcecode.swift; path = PosterStripItem.swift; sourceTree = "<group>"; };
		5187E3E1222DBA8400F8E7A9 /* PosterStripPresenter.swift */ = {isa = PBXFileReference; lastKnownFileType = sourcecode.swift; path = PosterStripPresenter.swift; sourceTree = "<group>"; };
		5187E3E3222DBD2200F8E7A9 /* PosterStripLayout.swift */ = {isa = PBXFileReference; lastKnownFileType = sourcecode.swift; path = PosterStripLayout.swift; sourceTree = "<group>"; };
		519A425722287C3C00DCCBB8 /* TMDb.app */ = {isa = PBXFileReference; explicitFileType = wrapper.application; includeInIndex = 0; path = TMDb.app; sourceTree = BUILT_PRODUCTS_DIR; };
		519A425A22287C3C00DCCBB8 /* AppDelegate.swift */ = {isa = PBXFileReference; lastKnownFileType = sourcecode.swift; path = AppDelegate.swift; sourceTree = "<group>"; };
		519A426122287C3D00DCCBB8 /* Assets.xcassets */ = {isa = PBXFileReference; lastKnownFileType = folder.assetcatalog; path = Assets.xcassets; sourceTree = "<group>"; };
		519A426422287C3D00DCCBB8 /* Base */ = {isa = PBXFileReference; lastKnownFileType = file.storyboard; name = Base; path = Base.lproj/LaunchScreen.storyboard; sourceTree = "<group>"; };
		519A426622287C3D00DCCBB8 /* Info.plist */ = {isa = PBXFileReference; lastKnownFileType = text.plist.xml; path = Info.plist; sourceTree = "<group>"; };
		519A427122287E0C00DCCBB8 /* APP_Core.framework */ = {isa = PBXFileReference; explicitFileType = wrapper.framework; includeInIndex = 0; path = APP_Core.framework; sourceTree = BUILT_PRODUCTS_DIR; };
		519A427322287E0C00DCCBB8 /* APP_Core.h */ = {isa = PBXFileReference; lastKnownFileType = sourcecode.c.h; path = APP_Core.h; sourceTree = "<group>"; };
		519A427422287E0C00DCCBB8 /* Info.plist */ = {isa = PBXFileReference; lastKnownFileType = text.plist.xml; path = Info.plist; sourceTree = "<group>"; };
		519A427F2228808D00DCCBB8 /* WebServiceConfiguration.swift */ = {isa = PBXFileReference; lastKnownFileType = sourcecode.swift; path = WebServiceConfiguration.swift; sourceTree = "<group>"; };
		519A42812228816200DCCBB8 /* Keys.xcconfig */ = {isa = PBXFileReference; lastKnownFileType = text.xcconfig; path = Keys.xcconfig; sourceTree = "<group>"; };
		51F59E70222AF5E40029DA4F /* FeaturedAssembly.swift */ = {isa = PBXFileReference; lastKnownFileType = sourcecode.swift; path = FeaturedAssembly.swift; sourceTree = "<group>"; };
		51F59E73222AFE660029DA4F /* genres.json */ = {isa = PBXFileReference; fileEncoding = 4; lastKnownFileType = text.json; path = genres.json; sourceTree = "<group>"; };
		6617DDC61704BD5D5313D5F3 /* Pods_TMDb.framework */ = {isa = PBXFileReference; explicitFileType = wrapper.framework; includeInIndex = 0; path = Pods_TMDb.framework; sourceTree = BUILT_PRODUCTS_DIR; };
		6C1EF6B6F499679582593644 /* Pods-APP Core.release.xcconfig */ = {isa = PBXFileReference; includeInIndex = 1; lastKnownFileType = text.xcconfig; name = "Pods-APP Core.release.xcconfig"; path = "Target Support Files/Pods-APP Core/Pods-APP Core.release.xcconfig"; sourceTree = "<group>"; };
		B58E59CC3EDD7F3112DA8C34 /* Pods-APP Core.debug.xcconfig */ = {isa = PBXFileReference; includeInIndex = 1; lastKnownFileType = text.xcconfig; name = "Pods-APP Core.debug.xcconfig"; path = "Target Support Files/Pods-APP Core/Pods-APP Core.debug.xcconfig"; sourceTree = "<group>"; };
		B9F90EC9B24B72BC24E10A26 /* Pods-TMDb.debug.xcconfig */ = {isa = PBXFileReference; includeInIndex = 1; lastKnownFileType = text.xcconfig; name = "Pods-TMDb.debug.xcconfig"; path = "Target Support Files/Pods-TMDb/Pods-TMDb.debug.xcconfig"; sourceTree = "<group>"; };
/* End PBXFileReference section */

/* Begin PBXFrameworksBuildPhase section */
		519A425422287C3C00DCCBB8 /* Frameworks */ = {
			isa = PBXFrameworksBuildPhase;
			buildActionMask = 2147483647;
			files = (
				519A427822287E0C00DCCBB8 /* APP_Core.framework in Frameworks */,
				97188FC8721E091BDD6B9C79 /* Pods_TMDb.framework in Frameworks */,
			);
			runOnlyForDeploymentPostprocessing = 0;
		};
		519A426D22287E0C00DCCBB8 /* Frameworks */ = {
			isa = PBXFrameworksBuildPhase;
			buildActionMask = 2147483647;
			files = (
				089979979E84041C54E8D838 /* Pods_APP_Core.framework in Frameworks */,
			);
			runOnlyForDeploymentPostprocessing = 0;
		};
/* End PBXFrameworksBuildPhase section */

/* Begin PBXGroup section */
		47F1B6E1A399835E8314992B /* Pods */ = {
			isa = PBXGroup;
			children = (
				B58E59CC3EDD7F3112DA8C34 /* Pods-APP Core.debug.xcconfig */,
				6C1EF6B6F499679582593644 /* Pods-APP Core.release.xcconfig */,
				B9F90EC9B24B72BC24E10A26 /* Pods-TMDb.debug.xcconfig */,
				3D11DB356FC43A6E59CF3E43 /* Pods-TMDb.release.xcconfig */,
			);
			path = Pods;
			sourceTree = "<group>";
		};
		51157C95223700BD00FD0718 /* DetailNavigators */ = {
			isa = PBXGroup;
			children = (
				51157C962237011300FD0718 /* DetailNavigatorProtocol.swift */,
				51157C9A2237039D00FD0718 /* PhoneDetailNavigator.swift */,
			);
			path = DetailNavigators;
			sourceTree = "<group>";
		};
		511949752232E4A600DC4C74 /* Domain */ = {
			isa = PBXGroup;
			children = (
				5187E3DF222DBA5A00F8E7A9 /* PosterStripItem.swift */,
				511949732232E49B00DC4C74 /* Credits.swift */,
				511949762232E4E600DC4C74 /* MovieDetail.swift */,
				511949782232E52400DC4C74 /* DetailHeader.swift */,
				5119497C2232E5EE00DC4C74 /* DetailSection.swift */,
				5119497E2232E66600DC4C74 /* DetailHeader+MovieDetail.swift */,
			);
			path = Domain;
			sourceTree = "<group>";
		};
		511949822232E99B00DC4C74 /* View */ = {
			isa = PBXGroup;
			children = (
				5187E3E3222DBD2200F8E7A9 /* PosterStripLayout.swift */,
				5128FDAE222BBDB1003EE401 /* DetailViewController.swift */,
				5128FDAF222BBDB1003EE401 /* DetailViewController.xib */,
				5128FDBA222BC1BA003EE401 /* DetailHeaderView.swift */,
				5128FDBC222BC1CC003EE401 /* DetailHeaderView.xib */,
				5128FDBE222BEA96003EE401 /* DetailAboutView.swift */,
				5128FDC0222BEA9F003EE401 /* DetailAbout.xib */,
				5128FDC2222BECAF003EE401 /* PosterStripCollectionCell.swift */,
				5128FDC3222BECAF003EE401 /* PosterStripCollectionCell.xib */,
				5187E3DB222DB8D100F8E7A9 /* PosterStripView.swift */,
				5187E3DD222DB8DA00F8E7A9 /* PosterStripView.xib */,
			);
			path = View;
			sourceTree = "<group>";
		};
		511949832232E9A800DC4C74 /* Protocols */ = {
			isa = PBXGroup;
			children = (
				511949712232E40900DC4C74 /* DetailViewProtocol.swift */,
				511949802232E78400DC4C74 /* DetailPresenterProtocol.swift */,
			);
			path = Protocols;
			sourceTree = "<group>";
		};
		5128FDB2222BBDB9003EE401 /* Presentation */ = {
			isa = PBXGroup;
			children = (
				511949822232E99B00DC4C74 /* View */,
				511949832232E9A800DC4C74 /* Protocols */,
				512D85C4223302CB00FF9EC5 /* Presenters */,
			);
			path = Presentation;
			sourceTree = "<group>";
		};
		5128FDB3222BBDC2003EE401 /* Details */ = {
			isa = PBXGroup;
			children = (
				51157C95223700BD00FD0718 /* DetailNavigators */,
				5128FDB2222BBDB9003EE401 /* Presentation */,
				5128FDB6222BBDEC003EE401 /* DI */,
				5128FDB9222BBE0C003EE401 /* Repositories */,
				511949752232E4A600DC4C74 /* Domain */,
			);
			path = Details;
			sourceTree = "<group>";
		};
		5128FDB6222BBDEC003EE401 /* DI */ = {
			isa = PBXGroup;
			children = (
				5187E3D8222DB68200F8E7A9 /* DetailAssembly.swift */,
			);
			path = DI;
			sourceTree = "<group>";
		};
		5128FDB9222BBE0C003EE401 /* Repositories */ = {
			isa = PBXGroup;
			children = (
				5128FDB7222BBE05003EE401 /* MovieRepository.swift */,
			);
			path = Repositories;
			sourceTree = "<group>";
		};
		512D85C4223302CB00FF9EC5 /* Presenters */ = {
			isa = PBXGroup;
			children = (
				5187E3E1222DBA8400F8E7A9 /* PosterStripPresenter.swift */,
				511949842232E9DE00DC4C74 /* DetailHeaderPresenter.swift */,
			);
			path = Presenters;
			sourceTree = "<group>";
		};
		512D85C5223303C300FF9EC5 /* View */ = {
			isa = PBXGroup;
			children = (
				5142A042222AA284003DE338 /* CardView.swift */,
				5142A044222AA29F003DE338 /* CardView.xib */,
				5142A056222ABEF7003DE338 /* FeaturedViewController.swift */,
				5142A057222ABEF7003DE338 /* FeaturedViewController.xib */,
			);
			path = View;
			sourceTree = "<group>";
		};
		512D85C6223303CC00FF9EC5 /* Presenters */ = {
			isa = PBXGroup;
			children = (
				5142A054222ABD4C003DE338 /* FeaturedPresenter.swift */,
				5142A04A222AB39E003DE338 /* CardPresenter.swift */,
			);
			path = Presenters;
			sourceTree = "<group>";
		};
		512D85C7223303E000FF9EC5 /* Presenters */ = {
			isa = PBXGroup;
			children = (
				515C4F83222A60980047F460 /* SearchResultPresenter.swift */,
				5142A03A222A845C003DE338 /* SearchResultsPresenter.swift */,
			);
			path = Presenters;
			sourceTree = "<group>";
		};
		512D85C8223303EB00FF9EC5 /* View */ = {
			isa = PBXGroup;
			children = (
				515C4F88222A64220047F460 /* SearchResultCell.swift */,
				515C4F89222A64220047F460 /* SearchResultCell.xib */,
				5142A03D222A8618003DE338 /* SearchResultsViewController.swift */,
			);
			path = View;
			sourceTree = "<group>";
		};
		5142A048222AB308003DE338 /* Presentation */ = {
			isa = PBXGroup;
			children = (
				512D85C5223303C300FF9EC5 /* View */,
				512D85C6223303CC00FF9EC5 /* Presenters */,
			);
			path = Presentation;
			sourceTree = "<group>";
		};
		5142A049222AB311003DE338 /* Featured */ = {
			isa = PBXGroup;
			children = (
				5142A048222AB308003DE338 /* Presentation */,
				5142A053222ABCCA003DE338 /* Respository */,
				5142A052222ABCC2003DE338 /* Domain */,
				51F59E72222AF5EB0029DA4F /* DI */,
			);
			path = Featured;
			sourceTree = "<group>";
		};
		5142A052222ABCC2003DE338 /* Domain */ = {
			isa = PBXGroup;
			children = (
				5142A050222AB929003DE338 /* Page.swift */,
			);
			path = Domain;
			sourceTree = "<group>";
		};
		5142A053222ABCCA003DE338 /* Respository */ = {
			isa = PBXGroup;
			children = (
				5142A04E222AB844003DE338 /* FeaturedRepository.swift */,
			);
			path = Respository;
			sourceTree = "<group>";
		};
		514AB8CE224184D20020CA22 /* Repositories */ = {
			isa = PBXGroup;
			children = (
				514AB8CF224184FB0020CA22 /* SearchResultsRepository.swift */,
			);
			path = Repositories;
			sourceTree = "<group>";
		};
		5151139D22385550009BCDB8 /* SearchNavigators */ = {
			isa = PBXGroup;
			children = (
				5151139E2238557F009BCDB8 /* SearchNavigatorProtocol.swift */,
				515113A0223855CC009BCDB8 /* PhoneSearchNavigator.swift */,
			);
			path = SearchNavigators;
			sourceTree = "<group>";
		};
		515C4F48222974F00047F460 /* Config */ = {
			isa = PBXGroup;
			children = (
				519A42812228816200DCCBB8 /* Keys.xcconfig */,
			);
			path = Config;
			sourceTree = "<group>";
		};
		515C4F49222974FC0047F460 /* Web Service */ = {
			isa = PBXGroup;
			children = (
				519A427F2228808D00DCCBB8 /* WebServiceConfiguration.swift */,
				515C4F5122297D8F0047F460 /* WebServiceAssembly.swift */,
				515C4F4A222975EE0047F460 /* WebService.swift */,
				515C4F4F222979F70047F460 /* Endpoint.swift */,
			);
			path = "Web Service";
			sourceTree = "<group>";
		};
		515C4F5322297EA50047F460 /* Common */ = {
			isa = PBXGroup;
			children = (
				51E842C02234F625001F616D /* Assets */,
				515C4F692229CE380047F460 /* Domain */,
				515C4F4D2229769F0047F460 /* Constants.swift */,
				51E842C12234F646001F616D /* Utilities */,
			);
			path = Common;
			sourceTree = "<group>";
		};
		515C4F5A2229815B0047F460 /* Image Loading */ = {
			isa = PBXGroup;
			children = (
				515C4F562229812F0047F460 /* ImageConfiguration.swift */,
				515C4F652229BC930047F460 /* ImageLoadingAssembly.swift */,
				515C4F58222981520047F460 /* ImageSize.swift */,
				515C4F622229ACB60047F460 /* ImageRepository.swift */,
				515C4F602229AAAC0047F460 /* ImageManager.swift */,
			);
			path = "Image Loading";
			sourceTree = "<group>";
		};
		515C4F5D2229A7DB0047F460 /* DI */ = {
			isa = PBXGroup;
			children = (
				515C4F5E2229A8A00047F460 /* CoreAssembly.swift */,
			);
			path = DI;
			sourceTree = "<group>";
		};
		515C4F692229CE380047F460 /* Domain */ = {
			isa = PBXGroup;
			children = (
				515C4F672229CE280047F460 /* Show.swift */,
				515C4F6A2229CE4D0047F460 /* Person.swift */,
				51F59E73222AFE660029DA4F /* genres.json */,
				515C4F6E2229CE8E0047F460 /* Movie.swift */,
				5142A04C222AB63D003DE338 /* Genre.swift */,
				515C4F6C2229CE6B0047F460 /* Media.swift */,
				515C4F702229CF830047F460 /* MediaType.swift */,
			);
			path = Domain;
			sourceTree = "<group>";
		};
		515C4F7E222A5EF70047F460 /* Presentation */ = {
			isa = PBXGroup;
			children = (
				512D85C8223303EB00FF9EC5 /* View */,
				512D85C7223303E000FF9EC5 /* Presenters */,
			);
			path = Presentation;
			sourceTree = "<group>";
		};
		515C4F7F222A5F070047F460 /* Search */ = {
			isa = PBXGroup;
			children = (
				514AB8CE224184D20020CA22 /* Repositories */,
				5151139D22385550009BCDB8 /* SearchNavigators */,
				515C4F7E222A5EF70047F460 /* Presentation */,
				515C4F82222A5F620047F460 /* DI */,
				515C4F87222A61E30047F460 /* Domain */,
			);
			path = Search;
			sourceTree = "<group>";
		};
		515C4F82222A5F620047F460 /* DI */ = {
			isa = PBXGroup;
			children = (
				515C4F7C2229D2EF0047F460 /* SearchAssembly.swift */,
			);
			path = DI;
			sourceTree = "<group>";
		};
		515C4F87222A61E30047F460 /* Domain */ = {
			isa = PBXGroup;
			children = (
				515C4F85222A61DB0047F460 /* SearchResult.swift */,
			);
			path = Domain;
			sourceTree = "<group>";
		};
		519A424E22287C3C00DCCBB8 = {
			isa = PBXGroup;
			children = (
				519A425922287C3C00DCCBB8 /* TMDb */,
				519A427222287E0C00DCCBB8 /* APP Core */,
				519A425822287C3C00DCCBB8 /* Products */,
				47F1B6E1A399835E8314992B /* Pods */,
				B9204BFEC03104A8609E9971 /* Frameworks */,
			);
			sourceTree = "<group>";
		};
		519A425822287C3C00DCCBB8 /* Products */ = {
			isa = PBXGroup;
			children = (
				519A425722287C3C00DCCBB8 /* TMDb.app */,
				519A427122287E0C00DCCBB8 /* APP_Core.framework */,
			);
			name = Products;
			sourceTree = "<group>";
		};
		519A425922287C3C00DCCBB8 /* TMDb */ = {
			isa = PBXGroup;
			children = (
				519A425A22287C3C00DCCBB8 /* AppDelegate.swift */,
				515C4F5B2229A6BD0047F460 /* AppAssembly.swift */,
				519A426122287C3D00DCCBB8 /* Assets.xcassets */,
				519A426322287C3D00DCCBB8 /* LaunchScreen.storyboard */,
				519A426622287C3D00DCCBB8 /* Info.plist */,
			);
			path = TMDb;
			sourceTree = "<group>";
		};
		519A427222287E0C00DCCBB8 /* APP Core */ = {
			isa = PBXGroup;
			children = (
				519A427322287E0C00DCCBB8 /* APP_Core.h */,
				519A427422287E0C00DCCBB8 /* Info.plist */,
				5128FDB3222BBDC2003EE401 /* Details */,
				5142A049222AB311003DE338 /* Featured */,
				515C4F7F222A5F070047F460 /* Search */,
				515C4F5D2229A7DB0047F460 /* DI */,
				515C4F5A2229815B0047F460 /* Image Loading */,
				515C4F5322297EA50047F460 /* Common */,
				515C4F49222974FC0047F460 /* Web Service */,
				515C4F48222974F00047F460 /* Config */,
			);
			path = "APP Core";
			sourceTree = "<group>";
		};
		51E842C02234F625001F616D /* Assets */ = {
			isa = PBXGroup;
			children = (
				5142A046222AA54F003DE338 /* Assets.xcassets */,
			);
			path = Assets;
			sourceTree = "<group>";
		};
		51E842C12234F646001F616D /* Utilities */ = {
			isa = PBXGroup;
			children = (
				515C4F722229D09E0047F460 /* Date+Utilities.swift */,
				515C4F742229D0BA0047F460 /* NibLoadableView.swift */,
				515C4F762229D0E50047F460 /* ReusableView.swift */,
				515C4F782229D1070047F460 /* UITableView+ReusableView.swift */,
				515C4F7A2229D1B20047F460 /* UICollectionView+Reusable.swift */,
			);
			path = Utilities;
			sourceTree = "<group>";
		};
		51F59E72222AF5EB0029DA4F /* DI */ = {
			isa = PBXGroup;
			children = (
				51F59E70222AF5E40029DA4F /* FeaturedAssembly.swift */,
			);
			path = DI;
			sourceTree = "<group>";
		};
		B9204BFEC03104A8609E9971 /* Frameworks */ = {
			isa = PBXGroup;
			children = (
				3BC74B8F299F20CFC9788A56 /* Pods_APP_Core.framework */,
				6617DDC61704BD5D5313D5F3 /* Pods_TMDb.framework */,
			);
			name = Frameworks;
			sourceTree = "<group>";
		};
/* End PBXGroup section */

/* Begin PBXHeadersBuildPhase section */
		519A426E22287E0C00DCCBB8 /* Headers */ = {
			isa = PBXHeadersBuildPhase;
			buildActionMask = 2147483647;
			files = (
				519A427522287E0C00DCCBB8 /* APP_Core.h in Headers */,
			);
			runOnlyForDeploymentPostprocessing = 0;
		};
/* End PBXHeadersBuildPhase section */

/* Begin PBXNativeTarget section */
		519A425622287C3C00DCCBB8 /* TMDb */ = {
			isa = PBXNativeTarget;
			buildConfigurationList = 519A426922287C3D00DCCBB8 /* Build configuration list for PBXNativeTarget "TMDb" */;
			buildPhases = (
				7BB3CD6B9A7AC1F31792F217 /* [CP] Check Pods Manifest.lock */,
				519A425322287C3C00DCCBB8 /* Sources */,
				519A425422287C3C00DCCBB8 /* Frameworks */,
				519A425522287C3C00DCCBB8 /* Resources */,
				519A427D22287E0C00DCCBB8 /* Embed Frameworks */,
				3718DEDC4F7E8C576E782270 /* [CP] Embed Pods Frameworks */,
			);
			buildRules = (
			);
			dependencies = (
				519A427722287E0C00DCCBB8 /* PBXTargetDependency */,
			);
			name = TMDb;
			productName = TMDb;
			productReference = 519A425722287C3C00DCCBB8 /* TMDb.app */;
			productType = "com.apple.product-type.application";
		};
		519A427022287E0C00DCCBB8 /* APP Core */ = {
			isa = PBXNativeTarget;
			buildConfigurationList = 519A427A22287E0C00DCCBB8 /* Build configuration list for PBXNativeTarget "APP Core" */;
			buildPhases = (
				4D9E488619C3DFBA7D2A55D4 /* [CP] Check Pods Manifest.lock */,
				519A426C22287E0C00DCCBB8 /* Sources */,
				519A426D22287E0C00DCCBB8 /* Frameworks */,
				519A426E22287E0C00DCCBB8 /* Headers */,
				519A426F22287E0C00DCCBB8 /* Resources */,
				5142A03C222A8567003DE338 /* ShellScript */,
			);
			buildRules = (
			);
			dependencies = (
			);
			name = "APP Core";
			productName = "APP Core";
			productReference = 519A427122287E0C00DCCBB8 /* APP_Core.framework */;
			productType = "com.apple.product-type.framework";
		};
/* End PBXNativeTarget section */

/* Begin PBXProject section */
		519A424F22287C3C00DCCBB8 /* Project object */ = {
			isa = PBXProject;
			attributes = {
				LastSwiftUpdateCheck = 0940;
				LastUpgradeCheck = 0940;
				ORGANIZATIONNAME = "Alan Casas";
				TargetAttributes = {
					519A425622287C3C00DCCBB8 = {
						CreatedOnToolsVersion = 9.4;
					};
					519A427022287E0C00DCCBB8 = {
						CreatedOnToolsVersion = 9.4;
						LastSwiftMigration = 0940;
					};
				};
			};
			buildConfigurationList = 519A425222287C3C00DCCBB8 /* Build configuration list for PBXProject "TMDb" */;
			compatibilityVersion = "Xcode 9.3";
			developmentRegion = en;
			hasScannedForEncodings = 0;
			knownRegions = (
				en,
				Base,
			);
			mainGroup = 519A424E22287C3C00DCCBB8;
			productRefGroup = 519A425822287C3C00DCCBB8 /* Products */;
			projectDirPath = "";
			projectRoot = "";
			targets = (
				519A425622287C3C00DCCBB8 /* TMDb */,
				519A427022287E0C00DCCBB8 /* APP Core */,
			);
		};
/* End PBXProject section */

/* Begin PBXResourcesBuildPhase section */
		519A425522287C3C00DCCBB8 /* Resources */ = {
			isa = PBXResourcesBuildPhase;
			buildActionMask = 2147483647;
			files = (
				519A426522287C3D00DCCBB8 /* LaunchScreen.storyboard in Resources */,
				519A426222287C3D00DCCBB8 /* Assets.xcassets in Resources */,
			);
			runOnlyForDeploymentPostprocessing = 0;
		};
		519A426F22287E0C00DCCBB8 /* Resources */ = {
			isa = PBXResourcesBuildPhase;
			buildActionMask = 2147483647;
			files = (
				5142A045222AA29F003DE338 /* CardView.xib in Resources */,
				5128FDB1222BBDB1003EE401 /* DetailViewController.xib in Resources */,
				5142A047222AA54F003DE338 /* Assets.xcassets in Resources */,
				51F59E74222AFE660029DA4F /* genres.json in Resources */,
				5187E3DE222DB8DA00F8E7A9 /* PosterStripView.xib in Resources */,
				5142A059222ABEF7003DE338 /* FeaturedViewController.xib in Resources */,
				5128FDC5222BECAF003EE401 /* PosterStripCollectionCell.xib in Resources */,
				515C4F8B222A64220047F460 /* SearchResultCell.xib in Resources */,
				5128FDC1222BEA9F003EE401 /* DetailAbout.xib in Resources */,
				5128FDBD222BC1CC003EE401 /* DetailHeaderView.xib in Resources */,
			);
			runOnlyForDeploymentPostprocessing = 0;
		};
/* End PBXResourcesBuildPhase section */

/* Begin PBXShellScriptBuildPhase section */
		3718DEDC4F7E8C576E782270 /* [CP] Embed Pods Frameworks */ = {
			isa = PBXShellScriptBuildPhase;
			buildActionMask = 2147483647;
			files = (
			);
			inputPaths = (
				"${PODS_ROOT}/Target Support Files/Pods-TMDb/Pods-TMDb-frameworks.sh",
				"${BUILT_PRODUCTS_DIR}/Kingfisher/Kingfisher.framework",
				"${BUILT_PRODUCTS_DIR}/RxAtomic/RxAtomic.framework",
				"${BUILT_PRODUCTS_DIR}/RxCocoa/RxCocoa.framework",
				"${BUILT_PRODUCTS_DIR}/RxSwift/RxSwift.framework",
			);
			name = "[CP] Embed Pods Frameworks";
			outputPaths = (
				"${TARGET_BUILD_DIR}/${FRAMEWORKS_FOLDER_PATH}/Kingfisher.framework",
				"${TARGET_BUILD_DIR}/${FRAMEWORKS_FOLDER_PATH}/RxAtomic.framework",
				"${TARGET_BUILD_DIR}/${FRAMEWORKS_FOLDER_PATH}/RxCocoa.framework",
				"${TARGET_BUILD_DIR}/${FRAMEWORKS_FOLDER_PATH}/RxSwift.framework",
			);
			runOnlyForDeploymentPostprocessing = 0;
			shellPath = /bin/sh;
			shellScript = "\"${PODS_ROOT}/Target Support Files/Pods-TMDb/Pods-TMDb-frameworks.sh\"\n";
			showEnvVarsInLog = 0;
		};
		4D9E488619C3DFBA7D2A55D4 /* [CP] Check Pods Manifest.lock */ = {
			isa = PBXShellScriptBuildPhase;
			buildActionMask = 2147483647;
			files = (
			);
			inputPaths = (
				"${PODS_PODFILE_DIR_PATH}/Podfile.lock",
				"${PODS_ROOT}/Manifest.lock",
			);
			name = "[CP] Check Pods Manifest.lock";
			outputPaths = (
				"$(DERIVED_FILE_DIR)/Pods-APP Core-checkManifestLockResult.txt",
			);
			runOnlyForDeploymentPostprocessing = 0;
			shellPath = /bin/sh;
			shellScript = "diff \"${PODS_PODFILE_DIR_PATH}/Podfile.lock\" \"${PODS_ROOT}/Manifest.lock\" > /dev/null\nif [ $? != 0 ] ; then\n    # print error to STDERR\n    echo \"error: The sandbox is not in sync with the Podfile.lock. Run 'pod install' or update your CocoaPods installation.\" >&2\n    exit 1\nfi\n# This output is used by Xcode 'outputs' to avoid re-running this script phase.\necho \"SUCCESS\" > \"${SCRIPT_OUTPUT_FILE_0}\"\n";
			showEnvVarsInLog = 0;
		};
		5142A03C222A8567003DE338 /* ShellScript */ = {
			isa = PBXShellScriptBuildPhase;
			buildActionMask = 2147483647;
			files = (
			);
			inputPaths = (
			);
			outputPaths = (
			);
			runOnlyForDeploymentPostprocessing = 0;
			shellPath = /bin/sh;
			shellScript = "TAGS=\"TODO:|FIXME:|WARNING:\"\nERRORTAG=\"ERROR:\"\nfind \"${SRCROOT}\" \\( -name \"*.h\" -or -name \"*.m\" -or -name \"*.swift\" \\) -print0 | xargs -0 egrep --with-filename --line-number --only-matching \"($TAGS).*\\$|($ERRORTAG).*\\$\" | perl -p -e \"s/($TAGS)/ warning: \\$1/\"| perl -p -e \"s/($ERRORTAG)/ error: \\$1/\"";
		};
		7BB3CD6B9A7AC1F31792F217 /* [CP] Check Pods Manifest.lock */ = {
			isa = PBXShellScriptBuildPhase;
			buildActionMask = 2147483647;
			files = (
			);
			inputPaths = (
				"${PODS_PODFILE_DIR_PATH}/Podfile.lock",
				"${PODS_ROOT}/Manifest.lock",
			);
			name = "[CP] Check Pods Manifest.lock";
			outputPaths = (
				"$(DERIVED_FILE_DIR)/Pods-TMDb-checkManifestLockResult.txt",
			);
			runOnlyForDeploymentPostprocessing = 0;
			shellPath = /bin/sh;
			shellScript = "diff \"${PODS_PODFILE_DIR_PATH}/Podfile.lock\" \"${PODS_ROOT}/Manifest.lock\" > /dev/null\nif [ $? != 0 ] ; then\n    # print error to STDERR\n    echo \"error: The sandbox is not in sync with the Podfile.lock. Run 'pod install' or update your CocoaPods installation.\" >&2\n    exit 1\nfi\n# This output is used by Xcode 'outputs' to avoid re-running this script phase.\necho \"SUCCESS\" > \"${SCRIPT_OUTPUT_FILE_0}\"\n";
			showEnvVarsInLog = 0;
		};
/* End PBXShellScriptBuildPhase section */

/* Begin PBXSourcesBuildPhase section */
		519A425322287C3C00DCCBB8 /* Sources */ = {
			isa = PBXSourcesBuildPhase;
			buildActionMask = 2147483647;
			files = (
				519A425B22287C3C00DCCBB8 /* AppDelegate.swift in Sources */,
				515C4F5C2229A6BD0047F460 /* AppAssembly.swift in Sources */,
			);
			runOnlyForDeploymentPostprocessing = 0;
		};
		519A426C22287E0C00DCCBB8 /* Sources */ = {
			isa = PBXSourcesBuildPhase;
			buildActionMask = 2147483647;
			files = (
				515C4F59222981520047F460 /* ImageSize.swift in Sources */,
				515C4F4B222975EE0047F460 /* WebService.swift in Sources */,
				514AB8D0224184FB0020CA22 /* SearchResultsRepository.swift in Sources */,
				51157C9B2237039D00FD0718 /* PhoneDetailNavigator.swift in Sources */,
				5142A051222AB929003DE338 /* Page.swift in Sources */,
				515C4F6D2229CE6B0047F460 /* Media.swift in Sources */,
				515C4F7D2229D2EF0047F460 /* SearchAssembly.swift in Sources */,
				515C4F8A222A64220047F460 /* SearchResultCell.swift in Sources */,
				5142A04F222AB844003DE338 /* FeaturedRepository.swift in Sources */,
				515C4F5F2229A8A00047F460 /* CoreAssembly.swift in Sources */,
				51157C972237011300FD0718 /* DetailNavigatorProtocol.swift in Sources */,
				5128FDB8222BBE05003EE401 /* MovieRepository.swift in Sources */,
				515C4F612229AAAC0047F460 /* ImageManager.swift in Sources */,
				5187E3E0222DBA5A00F8E7A9 /* PosterStripItem.swift in Sources */,
				5142A03E222A8618003DE338 /* SearchResultsViewController.swift in Sources */,
				511949852232E9DE00DC4C74 /* DetailHeaderPresenter.swift in Sources */,
				5187E3E2222DBA8400F8E7A9 /* PosterStripPresenter.swift in Sources */,
				519A42802228808D00DCCBB8 /* WebServiceConfiguration.swift in Sources */,
				5142A04D222AB63D003DE338 /* Genre.swift in Sources */,
				511949772232E4E600DC4C74 /* MovieDetail.swift in Sources */,
				515C4F662229BC930047F460 /* ImageLoadingAssembly.swift in Sources */,
				515C4F682229CE280047F460 /* Show.swift in Sources */,
				515C4F50222979F70047F460 /* Endpoint.swift in Sources */,
				5128FDC4222BECAF003EE401 /* PosterStripCollectionCell.swift in Sources */,
				5119497F2232E66700DC4C74 /* DetailHeader+MovieDetail.swift in Sources */,
				5142A055222ABD4C003DE338 /* FeaturedPresenter.swift in Sources */,
				511949742232E49B00DC4C74 /* Credits.swift in Sources */,
				515C4F86222A61DB0047F460 /* SearchResult.swift in Sources */,
				5142A04B222AB39E003DE338 /* CardPresenter.swift in Sources */,
				511949812232E78400DC4C74 /* DetailPresenterProtocol.swift in Sources */,
				515C4F572229812F0047F460 /* ImageConfiguration.swift in Sources */,
				5142A043222AA284003DE338 /* CardView.swift in Sources */,
				5119497D2232E5EE00DC4C74 /* DetailSection.swift in Sources */,
				515C4F632229ACB60047F460 /* ImageRepository.swift in Sources */,
				515C4F732229D09E0047F460 /* Date+Utilities.swift in Sources */,
				5128FDBB222BC1BA003EE401 /* DetailHeaderView.swift in Sources */,
				515113A1223855CC009BCDB8 /* PhoneSearchNavigator.swift in Sources */,
				5151139F2238557F009BCDB8 /* SearchNavigatorProtocol.swift in Sources */,
				515C4F7B2229D1B20047F460 /* UICollectionView+Reusable.swift in Sources */,
				515C4F752229D0BA0047F460 /* NibLoadableView.swift in Sources */,
				515C4F6B2229CE4D0047F460 /* Person.swift in Sources */,
				515C4F772229D0E50047F460 /* ReusableView.swift in Sources */,
				515C4F712229CF830047F460 /* MediaType.swift in Sources */,
				5128FDB0222BBDB1003EE401 /* DetailViewController.swift in Sources */,
				515C4F4E2229769F0047F460 /* Constants.swift in Sources */,
				515C4F84222A60980047F460 /* SearchResultPresenter.swift in Sources */,
				5187E3E4222DBD2200F8E7A9 /* PosterStripLayout.swift in Sources */,
				515C4F5222297D8F0047F460 /* WebServiceAssembly.swift in Sources */,
				5128FDBF222BEA96003EE401 /* DetailAboutView.swift in Sources */,
				5142A058222ABEF7003DE338 /* FeaturedViewController.swift in Sources */,
				511949722232E40900DC4C74 /* DetailViewProtocol.swift in Sources */,
				5187E3DC222DB8D100F8E7A9 /* PosterStripView.swift in Sources */,
				5142A03B222A845C003DE338 /* SearchResultsPresenter.swift in Sources */,
				515C4F6F2229CE8E0047F460 /* Movie.swift in Sources */,
				51F59E71222AF5E40029DA4F /* FeaturedAssembly.swift in Sources */,
				511949792232E52400DC4C74 /* DetailHeader.swift in Sources */,
				5187E3D9222DB68200F8E7A9 /* DetailAssembly.swift in Sources */,
				515C4F792229D1070047F460 /* UITableView+ReusableView.swift in Sources */,
			);
			runOnlyForDeploymentPostprocessing = 0;
		};
/* End PBXSourcesBuildPhase section */

/* Begin PBXTargetDependency section */
		519A427722287E0C00DCCBB8 /* PBXTargetDependency */ = {
			isa = PBXTargetDependency;
			target = 519A427022287E0C00DCCBB8 /* APP Core */;
			targetProxy = 519A427622287E0C00DCCBB8 /* PBXContainerItemProxy */;
		};
/* End PBXTargetDependency section */

/* Begin PBXVariantGroup section */
		519A426322287C3D00DCCBB8 /* LaunchScreen.storyboard */ = {
			isa = PBXVariantGroup;
			children = (
				519A426422287C3D00DCCBB8 /* Base */,
			);
			name = LaunchScreen.storyboard;
			sourceTree = "<group>";
		};
/* End PBXVariantGroup section */

/* Begin XCBuildConfiguration section */
		519A426722287C3D00DCCBB8 /* Debug */ = {
			isa = XCBuildConfiguration;
			buildSettings = {
				ALWAYS_SEARCH_USER_PATHS = NO;
				CLANG_ANALYZER_NONNULL = YES;
				CLANG_ANALYZER_NUMBER_OBJECT_CONVERSION = YES_AGGRESSIVE;
				CLANG_CXX_LANGUAGE_STANDARD = "gnu++14";
				CLANG_CXX_LIBRARY = "libc++";
				CLANG_ENABLE_MODULES = YES;
				CLANG_ENABLE_OBJC_ARC = YES;
				CLANG_ENABLE_OBJC_WEAK = YES;
				CLANG_WARN_BLOCK_CAPTURE_AUTORELEASING = YES;
				CLANG_WARN_BOOL_CONVERSION = YES;
				CLANG_WARN_COMMA = YES;
				CLANG_WARN_CONSTANT_CONVERSION = YES;
				CLANG_WARN_DEPRECATED_OBJC_IMPLEMENTATIONS = YES;
				CLANG_WARN_DIRECT_OBJC_ISA_USAGE = YES_ERROR;
				CLANG_WARN_DOCUMENTATION_COMMENTS = YES;
				CLANG_WARN_EMPTY_BODY = YES;
				CLANG_WARN_ENUM_CONVERSION = YES;
				CLANG_WARN_INFINITE_RECURSION = YES;
				CLANG_WARN_INT_CONVERSION = YES;
				CLANG_WARN_NON_LITERAL_NULL_CONVERSION = YES;
				CLANG_WARN_OBJC_IMPLICIT_RETAIN_SELF = YES;
				CLANG_WARN_OBJC_LITERAL_CONVERSION = YES;
				CLANG_WARN_OBJC_ROOT_CLASS = YES_ERROR;
				CLANG_WARN_RANGE_LOOP_ANALYSIS = YES;
				CLANG_WARN_STRICT_PROTOTYPES = YES;
				CLANG_WARN_SUSPICIOUS_MOVE = YES;
				CLANG_WARN_UNGUARDED_AVAILABILITY = YES_AGGRESSIVE;
				CLANG_WARN_UNREACHABLE_CODE = YES;
				CLANG_WARN__DUPLICATE_METHOD_MATCH = YES;
				CODE_SIGN_IDENTITY = "iPhone Developer";
				COPY_PHASE_STRIP = NO;
				DEBUG_INFORMATION_FORMAT = dwarf;
				ENABLE_STRICT_OBJC_MSGSEND = YES;
				ENABLE_TESTABILITY = YES;
				GCC_C_LANGUAGE_STANDARD = gnu11;
				GCC_DYNAMIC_NO_PIC = NO;
				GCC_NO_COMMON_BLOCKS = YES;
				GCC_OPTIMIZATION_LEVEL = 0;
				GCC_PREPROCESSOR_DEFINITIONS = (
					"DEBUG=1",
					"$(inherited)",
				);
				GCC_WARN_64_TO_32_BIT_CONVERSION = YES;
				GCC_WARN_ABOUT_RETURN_TYPE = YES_ERROR;
				GCC_WARN_UNDECLARED_SELECTOR = YES;
				GCC_WARN_UNINITIALIZED_AUTOS = YES_AGGRESSIVE;
				GCC_WARN_UNUSED_FUNCTION = YES;
				GCC_WARN_UNUSED_VARIABLE = YES;
				IPHONEOS_DEPLOYMENT_TARGET = 10.3;
				MTL_ENABLE_DEBUG_INFO = YES;
				ONLY_ACTIVE_ARCH = YES;
				SDKROOT = iphoneos;
				SWIFT_ACTIVE_COMPILATION_CONDITIONS = DEBUG;
				SWIFT_OPTIMIZATION_LEVEL = "-Onone";
			};
			name = Debug;
		};
		519A426822287C3D00DCCBB8 /* Release */ = {
			isa = XCBuildConfiguration;
			buildSettings = {
				ALWAYS_SEARCH_USER_PATHS = NO;
				CLANG_ANALYZER_NONNULL = YES;
				CLANG_ANALYZER_NUMBER_OBJECT_CONVERSION = YES_AGGRESSIVE;
				CLANG_CXX_LANGUAGE_STANDARD = "gnu++14";
				CLANG_CXX_LIBRARY = "libc++";
				CLANG_ENABLE_MODULES = YES;
				CLANG_ENABLE_OBJC_ARC = YES;
				CLANG_ENABLE_OBJC_WEAK = YES;
				CLANG_WARN_BLOCK_CAPTURE_AUTORELEASING = YES;
				CLANG_WARN_BOOL_CONVERSION = YES;
				CLANG_WARN_COMMA = YES;
				CLANG_WARN_CONSTANT_CONVERSION = YES;
				CLANG_WARN_DEPRECATED_OBJC_IMPLEMENTATIONS = YES;
				CLANG_WARN_DIRECT_OBJC_ISA_USAGE = YES_ERROR;
				CLANG_WARN_DOCUMENTATION_COMMENTS = YES;
				CLANG_WARN_EMPTY_BODY = YES;
				CLANG_WARN_ENUM_CONVERSION = YES;
				CLANG_WARN_INFINITE_RECURSION = YES;
				CLANG_WARN_INT_CONVERSION = YES;
				CLANG_WARN_NON_LITERAL_NULL_CONVERSION = YES;
				CLANG_WARN_OBJC_IMPLICIT_RETAIN_SELF = YES;
				CLANG_WARN_OBJC_LITERAL_CONVERSION = YES;
				CLANG_WARN_OBJC_ROOT_CLASS = YES_ERROR;
				CLANG_WARN_RANGE_LOOP_ANALYSIS = YES;
				CLANG_WARN_STRICT_PROTOTYPES = YES;
				CLANG_WARN_SUSPICIOUS_MOVE = YES;
				CLANG_WARN_UNGUARDED_AVAILABILITY = YES_AGGRESSIVE;
				CLANG_WARN_UNREACHABLE_CODE = YES;
				CLANG_WARN__DUPLICATE_METHOD_MATCH = YES;
				CODE_SIGN_IDENTITY = "iPhone Developer";
				COPY_PHASE_STRIP = NO;
				DEBUG_INFORMATION_FORMAT = "dwarf-with-dsym";
				ENABLE_NS_ASSERTIONS = NO;
				ENABLE_STRICT_OBJC_MSGSEND = YES;
				GCC_C_LANGUAGE_STANDARD = gnu11;
				GCC_NO_COMMON_BLOCKS = YES;
				GCC_WARN_64_TO_32_BIT_CONVERSION = YES;
				GCC_WARN_ABOUT_RETURN_TYPE = YES_ERROR;
				GCC_WARN_UNDECLARED_SELECTOR = YES;
				GCC_WARN_UNINITIALIZED_AUTOS = YES_AGGRESSIVE;
				GCC_WARN_UNUSED_FUNCTION = YES;
				GCC_WARN_UNUSED_VARIABLE = YES;
				IPHONEOS_DEPLOYMENT_TARGET = 10.3;
				MTL_ENABLE_DEBUG_INFO = NO;
				SDKROOT = iphoneos;
				SWIFT_COMPILATION_MODE = wholemodule;
				SWIFT_OPTIMIZATION_LEVEL = "-O";
				VALIDATE_PRODUCT = YES;
			};
			name = Release;
		};
		519A426A22287C3D00DCCBB8 /* Debug */ = {
			isa = XCBuildConfiguration;
			baseConfigurationReference = B9F90EC9B24B72BC24E10A26 /* Pods-TMDb.debug.xcconfig */;
			buildSettings = {
				ALWAYS_EMBED_SWIFT_STANDARD_LIBRARIES = YES;
				ASSETCATALOG_COMPILER_APPICON_NAME = AppIcon;
				CODE_SIGN_STYLE = Automatic;
				DEVELOPMENT_TEAM = SW2XN6A7CB;
				INFOPLIST_FILE = TMDb/Info.plist;
				LD_RUNPATH_SEARCH_PATHS = (
					"$(inherited)",
					"@executable_path/Frameworks",
				);
				PRODUCT_BUNDLE_IDENTIFIER = "com.alancasasarevalo-gmail.TMDb";
				PRODUCT_NAME = "$(TARGET_NAME)";
				SWIFT_VERSION = 4.0;
				TARGETED_DEVICE_FAMILY = "1,2";
			};
			name = Debug;
		};
		519A426B22287C3D00DCCBB8 /* Release */ = {
			isa = XCBuildConfiguration;
			baseConfigurationReference = 3D11DB356FC43A6E59CF3E43 /* Pods-TMDb.release.xcconfig */;
			buildSettings = {
				ALWAYS_EMBED_SWIFT_STANDARD_LIBRARIES = YES;
				ASSETCATALOG_COMPILER_APPICON_NAME = AppIcon;
				CODE_SIGN_STYLE = Automatic;
				DEVELOPMENT_TEAM = SW2XN6A7CB;
				INFOPLIST_FILE = TMDb/Info.plist;
				LD_RUNPATH_SEARCH_PATHS = (
					"$(inherited)",
					"@executable_path/Frameworks",
				);
				PRODUCT_BUNDLE_IDENTIFIER = "com.alancasasarevalo-gmail.TMDb";
				PRODUCT_NAME = "$(TARGET_NAME)";
				SWIFT_VERSION = 4.0;
				TARGETED_DEVICE_FAMILY = "1,2";
			};
			name = Release;
		};
		519A427B22287E0C00DCCBB8 /* Debug */ = {
			isa = XCBuildConfiguration;
			baseConfigurationReference = B58E59CC3EDD7F3112DA8C34 /* Pods-APP Core.debug.xcconfig */;
			buildSettings = {
				CLANG_ENABLE_MODULES = YES;
				CODE_SIGN_IDENTITY = "iPhone Developer";
				CODE_SIGN_STYLE = Automatic;
				CURRENT_PROJECT_VERSION = 1;
				DEFINES_MODULE = YES;
				DEVELOPMENT_TEAM = SW2XN6A7CB;
				DYLIB_COMPATIBILITY_VERSION = 1;
				DYLIB_CURRENT_VERSION = 1;
				DYLIB_INSTALL_NAME_BASE = "@rpath";
				INFOPLIST_FILE = "APP Core/Info.plist";
				INSTALL_PATH = "$(LOCAL_LIBRARY_DIR)/Frameworks";
				IPHONEOS_DEPLOYMENT_TARGET = 10.3;
				LD_RUNPATH_SEARCH_PATHS = (
					"$(inherited)",
					"@executable_path/Frameworks",
					"@loader_path/Frameworks",
				);
				PRODUCT_BUNDLE_IDENTIFIER = "com.alancasasarevalo-gmail.APP-Core";
				PRODUCT_NAME = "$(TARGET_NAME:c99extidentifier)";
				SKIP_INSTALL = YES;
				SWIFT_OPTIMIZATION_LEVEL = "-Onone";
				SWIFT_VERSION = 4.0;
				TARGETED_DEVICE_FAMILY = "1,2";
				VERSIONING_SYSTEM = "apple-generic";
				VERSION_INFO_PREFIX = "";
			};
			name = Debug;
		};
		519A427C22287E0C00DCCBB8 /* Release */ = {
			isa = XCBuildConfiguration;
			baseConfigurationReference = 6C1EF6B6F499679582593644 /* Pods-APP Core.release.xcconfig */;
			buildSettings = {
				CLANG_ENABLE_MODULES = YES;
				CODE_SIGN_IDENTITY = "";
				CODE_SIGN_STYLE = Automatic;
				CURRENT_PROJECT_VERSION = 1;
				DEFINES_MODULE = YES;
				DEVELOPMENT_TEAM = SW2XN6A7CB;
				DYLIB_COMPATIBILITY_VERSION = 1;
				DYLIB_CURRENT_VERSION = 1;
				DYLIB_INSTALL_NAME_BASE = "@rpath";
				INFOPLIST_FILE = "APP Core/Info.plist";
				INSTALL_PATH = "$(LOCAL_LIBRARY_DIR)/Frameworks";
				IPHONEOS_DEPLOYMENT_TARGET = 10.3;
				LD_RUNPATH_SEARCH_PATHS = (
					"$(inherited)",
					"@executable_path/Frameworks",
					"@loader_path/Frameworks",
				);
				PRODUCT_BUNDLE_IDENTIFIER = "com.alancasasarevalo-gmail.APP-Core";
				PRODUCT_NAME = "$(TARGET_NAME:c99extidentifier)";
				SKIP_INSTALL = YES;
				SWIFT_VERSION = 4.0;
				TARGETED_DEVICE_FAMILY = "1,2";
				VERSIONING_SYSTEM = "apple-generic";
				VERSION_INFO_PREFIX = "";
			};
			name = Release;
		};
/* End XCBuildConfiguration section */

/* Begin XCConfigurationList section */
		519A425222287C3C00DCCBB8 /* Build configuration list for PBXProject "TMDb" */ = {
			isa = XCConfigurationList;
			buildConfigurations = (
				519A426722287C3D00DCCBB8 /* Debug */,
				519A426822287C3D00DCCBB8 /* Release */,
			);
			defaultConfigurationIsVisible = 0;
			defaultConfigurationName = Release;
		};
		519A426922287C3D00DCCBB8 /* Build configuration list for PBXNativeTarget "TMDb" */ = {
			isa = XCConfigurationList;
			buildConfigurations = (
				519A426A22287C3D00DCCBB8 /* Debug */,
				519A426B22287C3D00DCCBB8 /* Release */,
			);
			defaultConfigurationIsVisible = 0;
			defaultConfigurationName = Release;
		};
		519A427A22287E0C00DCCBB8 /* Build configuration list for PBXNativeTarget "APP Core" */ = {
			isa = XCConfigurationList;
			buildConfigurations = (
				519A427B22287E0C00DCCBB8 /* Debug */,
				519A427C22287E0C00DCCBB8 /* Release */,
			);
			defaultConfigurationIsVisible = 0;
			defaultConfigurationName = Release;
		};
/* End XCConfigurationList section */
	};
	rootObject = 519A424F22287C3C00DCCBB8 /* Project object */;
}
